
Microsoft Visual Studio Solution File, Format Version 12.00
# Visual Studio Version 17
VisualStudioVersion = 17.11.35222.181
MinimumVisualStudioVersion = 10.0.40219.1
Project("{FAE04EC0-301F-11D3-BF4B-00C04F79EFBC}") = "Crevis_IO_Control", "Crevis_IO_Control\Crevis_IO_Control.csproj", "{A80C41F0-0323-462F-950F-9AD78F5F54C2}"
EndProject
Global
	GlobalSection(SolutionConfigurationPlatforms) = preSolution
		Debug|Any CPU = Debug|Any CPU
		Release|Any CPU = Release|Any CPU
	EndGlobalSection
	GlobalSection(ProjectConfigurationPlatforms) = postSolution
		{A80C41F0-0323-462F-950F-9AD78F5F54C2}.Debug|Any CPU.ActiveCfg = Debug|Any CPU
		{A80C41F0-0323-462F-950F-9AD78F5F54C2}.Debug|Any CPU.Build.0 = Debug|Any CPU
		{A80C41F0-0323-462F-950F-9AD78F5F54C2}.Release|Any CPU.ActiveCfg = Release|Any CPU
		{A80C41F0-0323-462F-950F-9AD78F5F54C2}.Release|Any CPU.Build.0 = Release|Any CPU
	EndGlobalSection
	GlobalSection(SolutionProperties) = preSolution
		HideSolutionNode = FALSE
	EndGlobalSection
	GlobalSection(ExtensibilityGlobals) = postSolution
		SolutionGuid = {D3923B78-34C8-489D-8F95-9A1A4EE8E77B}
	EndGlobalSection
EndGlobal
